
Microsoft Visual Studio Solution File, Format Version 12.00
# Visual Studio Version 16
VisualStudioVersion = 16.0.29503.13
MinimumVisualStudioVersion = 10.0.40219.1
Project("{FAE04EC0-301F-11D3-BF4B-00C04F79EFBC}") = "SQLite.UWP", "SQLite\SQLite.UWP\SQLite.UWP.csproj", "{AD2CECE6-64B5-4588-82B4-4199C04850D8}"
EndProject
Project("{FAE04EC0-301F-11D3-BF4B-00C04F79EFBC}") = "SQLite.Android", "SQLite\SQLite.Android\SQLite.Android.csproj", "{A58741A6-2017-4AEE-9075-AE3C91671A9E}"
EndProject
Project("{FAE04EC0-301F-11D3-BF4B-00C04F79EFBC}") = "SQLite.iOS", "SQLite\SQLite.iOS\SQLite.iOS.csproj", "{1A930DC0-E99E-444E-A35F-40E3F2C26298}"
EndProject
Project("{FAE04EC0-301F-11D3-BF4B-00C04F79EFBC}") = "SQLite", "SQLite\SQLite\SQLite.csproj", "{3EF7C1B5-9F10-487E-B69C-8466CC4EA78E}"
EndProject
Global
	GlobalSection(SolutionConfigurationPlatforms) = preSolution
		Debug|Any CPU = Debug|Any CPU
		Debug|ARM = Debug|ARM
		Debug|iPhone = Debug|iPhone
		Debug|iPhoneSimulator = Debug|iPhoneSimulator
		Debug|x64 = Debug|x64
		Debug|x86 = Debug|x86
		Release|Any CPU = Release|Any CPU
		Release|ARM = Release|ARM
		Release|iPhone = Release|iPhone
		Release|iPhoneSimulator = Release|iPhoneSimulator
		Release|x64 = Release|x64
		Release|x86 = Release|x86
	EndGlobalSection
	GlobalSection(ProjectConfigurationPlatforms) = postSolution
		{AD2CECE6-64B5-4588-82B4-4199C04850D8}.Debug|Any CPU.ActiveCfg = Debug|x86
		{AD2CECE6-64B5-4588-82B4-4199C04850D8}.Debug|Any CPU.Build.0 = Debug|x86
		{AD2CECE6-64B5-4588-82B4-4199C04850D8}.Debug|Any CPU.Deploy.0 = Debug|x86
		{AD2CECE6-64B5-4588-82B4-4199C04850D8}.Debug|ARM.ActiveCfg = Debug|ARM
		{AD2CECE6-64B5-4588-82B4-4199C04850D8}.Debug|ARM.Build.0 = Debug|ARM
		{AD2CECE6-64B5-4588-82B4-4199C04850D8}.Debug|ARM.Deploy.0 = Debug|ARM
		{AD2CECE6-64B5-4588-82B4-4199C04850D8}.Debug|iPhone.ActiveCfg = Debug|x86
		{AD2CECE6-64B5-4588-82B4-4199C04850D8}.Debug|iPhone.Build.0 = Debug|x86
		{AD2CECE6-64B5-4588-82B4-4199C04850D8}.Debug|iPhone.Deploy.0 = Debug|x86
		{AD2CECE6-64B5-4588-82B4-4199C04850D8}.Debug|iPhoneSimulator.ActiveCfg = Debug|x86
		{AD2CECE6-64B5-4588-82B4-4199C04850D8}.Debug|iPhoneSimulator.Build.0 = Debug|x86
		{AD2CECE6-64B5-4588-82B4-4199C04850D8}.Debug|iPhoneSimulator.Deploy.0 = Debug|x86
		{AD2CECE6-64B5-4588-82B4-4199C04850D8}.Debug|x64.ActiveCfg = Debug|x64
		{AD2CECE6-64B5-4588-82B4-4199C04850D8}.Debug|x64.Build.0 = Debug|x64
		{AD2CECE6-64B5-4588-82B4-4199C04850D8}.Debug|x64.Deploy.0 = Debug|x64
		{AD2CECE6-64B5-4588-82B4-4199C04850D8}.Debug|x86.ActiveCfg = Debug|x86
		{AD2CECE6-64B5-4588-82B4-4199C04850D8}.Debug|x86.Build.0 = Debug|x86
		{AD2CECE6-64B5-4588-82B4-4199C04850D8}.Debug|x86.Deploy.0 = Debug|x86
		{AD2CECE6-64B5-4588-82B4-4199C04850D8}.Release|Any CPU.ActiveCfg = Release|x86
		{AD2CECE6-64B5-4588-82B4-4199C04850D8}.Release|Any CPU.Build.0 = Release|x86
		{AD2CECE6-64B5-4588-82B4-4199C04850D8}.Release|Any CPU.Deploy.0 = Release|x86
		{AD2CECE6-64B5-4588-82B4-4199C04850D8}.Release|ARM.ActiveCfg = Release|ARM
		{AD2CECE6-64B5-4588-82B4-4199C04850D8}.Release|ARM.Build.0 = Release|ARM
		{AD2CECE6-64B5-4588-82B4-4199C04850D8}.Release|ARM.Deploy.0 = Release|ARM
		{AD2CECE6-64B5-4588-82B4-4199C04850D8}.Release|iPhone.ActiveCfg = Release|x86
		{AD2CECE6-64B5-4588-82B4-4199C04850D8}.Release|iPhone.Build.0 = Release|x86
		{AD2CECE6-64B5-4588-82B4-4199C04850D8}.Release|iPhone.Deploy.0 = Release|x86
		{AD2CECE6-64B5-4588-82B4-4199C04850D8}.Release|iPhoneSimulator.ActiveCfg = Release|x86
		{AD2CECE6-64B5-4588-82B4-4199C04850D8}.Release|iPhoneSimulator.Build.0 = Release|x86
		{AD2CECE6-64B5-4588-82B4-4199C04850D8}.Release|iPhoneSimulator.Deploy.0 = Release|x86
		{AD2CECE6-64B5-4588-82B4-4199C04850D8}.Release|x64.ActiveCfg = Release|x64
		{AD2CECE6-64B5-4588-82B4-4199C04850D8}.Release|x64.Build.0 = Release|x64
		{AD2CECE6-64B5-4588-82B4-4199C04850D8}.Release|x64.Deploy.0 = Release|x64
		{AD2CECE6-64B5-4588-82B4-4199C04850D8}.Release|x86.ActiveCfg = Release|x86
		{AD2CECE6-64B5-4588-82B4-4199C04850D8}.Release|x86.Build.0 = Release|x86
		{AD2CECE6-64B5-4588-82B4-4199C04850D8}.Release|x86.Deploy.0 = Release|x86
		{A58741A6-2017-4AEE-9075-AE3C91671A9E}.Debug|Any CPU.ActiveCfg = Debug|Any CPU
		{A58741A6-2017-4AEE-9075-AE3C91671A9E}.Debug|Any CPU.Build.0 = Debug|Any CPU
		{A58741A6-2017-4AEE-9075-AE3C91671A9E}.Debug|Any CPU.Deploy.0 = Debug|Any CPU
		{A58741A6-2017-4AEE-9075-AE3C91671A9E}.Debug|ARM.ActiveCfg = Debug|Any CPU
		{A58741A6-2017-4AEE-9075-AE3C91671A9E}.Debug|ARM.Build.0 = Debug|Any CPU
		{A58741A6-2017-4AEE-9075-AE3C91671A9E}.Debug|ARM.Deploy.0 = Debug|Any CPU
		{A58741A6-2017-4AEE-9075-AE3C91671A9E}.Debug|iPhone.ActiveCfg = Debug|Any CPU
		{A58741A6-2017-4AEE-9075-AE3C91671A9E}.Debug|iPhone.Build.0 = Debug|Any CPU
		{A58741A6-2017-4AEE-9075-AE3C91671A9E}.Debug|iPhone.Deploy.0 = Debug|Any CPU
		{A58741A6-2017-4AEE-9075-AE3C91671A9E}.Debug|iPhoneSimulator.ActiveCfg = Debug|Any CPU
		{A58741A6-2017-4AEE-9075-AE3C91671A9E}.Debug|iPhoneSimulator.Build.0 = Debug|Any CPU
		{A58741A6-2017-4AEE-9075-AE3C91671A9E}.Debug|iPhoneSimulator.Deploy.0 = Debug|Any CPU
		{A58741A6-2017-4AEE-9075-AE3C91671A9E}.Debug|x64.ActiveCfg = Debug|Any CPU
		{A58741A6-2017-4AEE-9075-AE3C91671A9E}.Debug|x64.Build.0 = Debug|Any CPU
		{A58741A6-2017-4AEE-9075-AE3C91671A9E}.Debug|x64.Deploy.0 = Debug|Any CPU
		{A58741A6-2017-4AEE-9075-AE3C91671A9E}.Debug|x86.ActiveCfg = Debug|Any CPU
		{A58741A6-2017-4AEE-9075-AE3C91671A9E}.Debug|x86.Build.0 = Debug|Any CPU
		{A58741A6-2017-4AEE-9075-AE3C91671A9E}.Debug|x86.Deploy.0 = Debug|Any CPU
		{A58741A6-2017-4AEE-9075-AE3C91671A9E}.Release|Any CPU.ActiveCfg = Release|Any CPU
		{A58741A6-2017-4AEE-9075-AE3C91671A9E}.Release|Any CPU.Build.0 = Release|Any CPU
		{A58741A6-2017-4AEE-9075-AE3C91671A9E}.Release|Any CPU.Deploy.0 = Release|Any CPU
		{A58741A6-2017-4AEE-9075-AE3C91671A9E}.Release|ARM.ActiveCfg = Release|Any CPU
		{A58741A6-2017-4AEE-9075-AE3C91671A9E}.Release|ARM.Build.0 = Release|Any CPU
		{A58741A6-2017-4AEE-9075-AE3C91671A9E}.Release|ARM.Deploy.0 = Release|Any CPU
		{A58741A6-2017-4AEE-9075-AE3C91671A9E}.Release|iPhone.ActiveCfg = Release|Any CPU
		{A58741A6-2017-4AEE-9075-AE3C91671A9E}.Release|iPhone.Build.0 = Release|Any CPU
		{A58741A6-2017-4AEE-9075-AE3C91671A9E}.Release|iPhone.Deploy.0 = Release|Any CPU
		{A58741A6-2017-4AEE-9075-AE3C91671A9E}.Release|iPhoneSimulator.ActiveCfg = Release|Any CPU
		{A58741A6-2017-4AEE-9075-AE3C91671A9E}.Release|iPhoneSimulator.Build.0 = Release|Any CPU
		{A58741A6-2017-4AEE-9075-AE3C91671A9E}.Release|iPhoneSimulator.Deploy.0 = Release|Any CPU
		{A58741A6-2017-4AEE-9075-AE3C91671A9E}.Release|x64.ActiveCfg = Release|Any CPU
		{A58741A6-2017-4AEE-9075-AE3C91671A9E}.Release|x64.Build.0 = Release|Any CPU
		{A58741A6-2017-4AEE-9075-AE3C91671A9E}.Release|x64.Deploy.0 = Release|Any CPU
		{A58741A6-2017-4AEE-9075-AE3C91671A9E}.Release|x86.ActiveCfg = Release|Any CPU
		{A58741A6-2017-4AEE-9075-AE3C91671A9E}.Release|x86.Build.0 = Release|Any CPU
		{A58741A6-2017-4AEE-9075-AE3C91671A9E}.Release|x86.Deploy.0 = Release|Any CPU
		{1A930DC0-E99E-444E-A35F-40E3F2C26298}.Debug|Any CPU.ActiveCfg = Debug|iPhone
		{1A930DC0-E99E-444E-A35F-40E3F2C26298}.Debug|Any CPU.Build.0 = Debug|iPhone
		{1A930DC0-E99E-444E-A35F-40E3F2C26298}.Debug|Any CPU.Deploy.0 = Debug|iPhone
		{1A930DC0-E99E-444E-A35F-40E3F2C26298}.Debug|ARM.ActiveCfg = Debug|iPhoneSimulator
		{1A930DC0-E99E-444E-A35F-40E3F2C26298}.Debug|ARM.Build.0 = Debug|iPhoneSimulator
		{1A930DC0-E99E-444E-A35F-40E3F2C26298}.Debug|ARM.Deploy.0 = Debug|iPhoneSimulator
		{1A930DC0-E99E-444E-A35F-40E3F2C26298}.Debug|iPhone.ActiveCfg = Debug|iPhone
		{1A930DC0-E99E-444E-A35F-40E3F2C26298}.Debug|iPhone.Build.0 = Debug|iPhone
		{1A930DC0-E99E-444E-A35F-40E3F2C26298}.Debug|iPhone.Deploy.0 = Debug|iPhone
		{1A930DC0-E99E-444E-A35F-40E3F2C26298}.Debug|iPhoneSimulator.ActiveCfg = Debug|iPhoneSimulator
		{1A930DC0-E99E-444E-A35F-40E3F2C26298}.Debug|iPhoneSimulator.Build.0 = Debug|iPhoneSimulator
		{1A930DC0-E99E-444E-A35F-40E3F2C26298}.Debug|iPhoneSimulator.Deploy.0 = Debug|iPhoneSimulator
		{1A930DC0-E99E-444E-A35F-40E3F2C26298}.Debug|x64.ActiveCfg = Debug|iPhone
		{1A930DC0-E99E-444E-A35F-40E3F2C26298}.Debug|x64.Build.0 = Debug|iPhone
		{1A930DC0-E99E-444E-A35F-40E3F2C26298}.Debug|x64.Deploy.0 = Debug|iPhone
		{1A930DC0-E99E-444E-A35F-40E3F2C26298}.Debug|x86.ActiveCfg = Debug|iPhone
		{1A930DC0-E99E-444E-A35F-40E3F2C26298}.Debug|x86.Build.0 = Debug|iPhone
		{1A930DC0-E99E-444E-A35F-40E3F2C26298}.Debug|x86.Deploy.0 = Debug|iPhone
		{1A930DC0-E99E-444E-A35F-40E3F2C26298}.Release|Any CPU.ActiveCfg = Release|iPhone
		{1A930DC0-E99E-444E-A35F-40E3F2C26298}.Release|Any CPU.Build.0 = Release|iPhone
		{1A930DC0-E99E-444E-A35F-40E3F2C26298}.Release|Any CPU.Deploy.0 = Release|iPhone
		{1A930DC0-E99E-444E-A35F-40E3F2C26298}.Release|ARM.ActiveCfg = Release|iPhone
		{1A930DC0-E99E-444E-A35F-40E3F2C26298}.Release|ARM.Build.0 = Release|iPhone
		{1A930DC0-E99E-444E-A35F-40E3F2C26298}.Release|ARM.Deploy.0 = Release|iPhone
		{1A930DC0-E99E-444E-A35F-40E3F2C26298}.Release|iPhone.ActiveCfg = Release|iPhone
		{1A930DC0-E99E-444E-A35F-40E3F2C26298}.Release|iPhone.Build.0 = Release|iPhone
		{1A930DC0-E99E-444E-A35F-40E3F2C26298}.Release|iPhone.Deploy.0 = Release|iPhone
		{1A930DC0-E99E-444E-A35F-40E3F2C26298}.Release|iPhoneSimulator.ActiveCfg = Release|iPhoneSimulator
		{1A930DC0-E99E-444E-A35F-40E3F2C26298}.Release|iPhoneSimulator.Build.0 = Release|iPhoneSimulator
		{1A930DC0-E99E-444E-A35F-40E3F2C26298}.Release|iPhoneSimulator.Deploy.0 = Release|iPhoneSimulator
		{1A930DC0-E99E-444E-A35F-40E3F2C26298}.Release|x64.ActiveCfg = Release|iPhone
		{1A930DC0-E99E-444E-A35F-40E3F2C26298}.Release|x64.Build.0 = Release|iPhone
		{1A930DC0-E99E-444E-A35F-40E3F2C26298}.Release|x64.Deploy.0 = Release|iPhone
		{1A930DC0-E99E-444E-A35F-40E3F2C26298}.Release|x86.ActiveCfg = Release|iPhone
		{1A930DC0-E99E-444E-A35F-40E3F2C26298}.Release|x86.Build.0 = Release|iPhone
		{1A930DC0-E99E-444E-A35F-40E3F2C26298}.Release|x86.Deploy.0 = Release|iPhone
		{3EF7C1B5-9F10-487E-B69C-8466CC4EA78E}.Debug|Any CPU.ActiveCfg = Debug|Any CPU
		{3EF7C1B5-9F10-487E-B69C-8466CC4EA78E}.Debug|Any CPU.Build.0 = Debug|Any CPU
		{3EF7C1B5-9F10-487E-B69C-8466CC4EA78E}.Debug|Any CPU.Deploy.0 = Debug|Any CPU
		{3EF7C1B5-9F10-487E-B69C-8466CC4EA78E}.Debug|ARM.ActiveCfg = Debug|Any CPU
		{3EF7C1B5-9F10-487E-B69C-8466CC4EA78E}.Debug|ARM.Build.0 = Debug|Any CPU
		{3EF7C1B5-9F10-487E-B69C-8466CC4EA78E}.Debug|ARM.Deploy.0 = Debug|Any CPU
		{3EF7C1B5-9F10-487E-B69C-8466CC4EA78E}.Debug|iPhone.ActiveCfg = Debug|Any CPU
		{3EF7C1B5-9F10-487E-B69C-8466CC4EA78E}.Debug|iPhone.Build.0 = Debug|Any CPU
		{3EF7C1B5-9F10-487E-B69C-8466CC4EA78E}.Debug|iPhone.Deploy.0 = Debug|Any CPU
		{3EF7C1B5-9F10-487E-B69C-8466CC4EA78E}.Debug|iPhoneSimulator.ActiveCfg = Debug|Any CPU
		{3EF7C1B5-9F10-487E-B69C-8466CC4EA78E}.Debug|iPhoneSimulator.Build.0 = Debug|Any CPU
		{3EF7C1B5-9F10-487E-B69C-8466CC4EA78E}.Debug|iPhoneSimulator.Deploy.0 = Debug|Any CPU
		{3EF7C1B5-9F10-487E-B69C-8466CC4EA78E}.Debug|x64.ActiveCfg = Debug|Any CPU
		{3EF7C1B5-9F10-487E-B69C-8466CC4EA78E}.Debug|x64.Build.0 = Debug|Any CPU
		{3EF7C1B5-9F10-487E-B69C-8466CC4EA78E}.Debug|x64.Deploy.0 = Debug|Any CPU
		{3EF7C1B5-9F10-487E-B69C-8466CC4EA78E}.Debug|x86.ActiveCfg = Debug|Any CPU
		{3EF7C1B5-9F10-487E-B69C-8466CC4EA78E}.Debug|x86.Build.0 = Debug|Any CPU
		{3EF7C1B5-9F10-487E-B69C-8466CC4EA78E}.Debug|x86.Deploy.0 = Debug|Any CPU
		{3EF7C1B5-9F10-487E-B69C-8466CC4EA78E}.Release|Any CPU.ActiveCfg = Release|Any CPU
		{3EF7C1B5-9F10-487E-B69C-8466CC4EA78E}.Release|Any CPU.Build.0 = Release|Any CPU
		{3EF7C1B5-9F10-487E-B69C-8466CC4EA78E}.Release|Any CPU.Deploy.0 = Release|Any CPU
		{3EF7C1B5-9F10-487E-B69C-8466CC4EA78E}.Release|ARM.ActiveCfg = Release|Any CPU
		{3EF7C1B5-9F10-487E-B69C-8466CC4EA78E}.Release|ARM.Build.0 = Release|Any CPU
		{3EF7C1B5-9F10-487E-B69C-8466CC4EA78E}.Release|ARM.Deploy.0 = Release|Any CPU
		{3EF7C1B5-9F10-487E-B69C-8466CC4EA78E}.Release|iPhone.ActiveCfg = Release|Any CPU
		{3EF7C1B5-9F10-487E-B69C-8466CC4EA78E}.Release|iPhone.Build.0 = Release|Any CPU
		{3EF7C1B5-9F10-487E-B69C-8466CC4EA78E}.Release|iPhone.Deploy.0 = Release|Any CPU
		{3EF7C1B5-9F10-487E-B69C-8466CC4EA78E}.Release|iPhoneSimulator.ActiveCfg = Release|Any CPU
		{3EF7C1B5-9F10-487E-B69C-8466CC4EA78E}.Release|iPhoneSimulator.Build.0 = Release|Any CPU
		{3EF7C1B5-9F10-487E-B69C-8466CC4EA78E}.Release|iPhoneSimulator.Deploy.0 = Release|Any CPU
		{3EF7C1B5-9F10-487E-B69C-8466CC4EA78E}.Release|x64.ActiveCfg = Release|Any CPU
		{3EF7C1B5-9F10-487E-B69C-8466CC4EA78E}.Release|x64.Build.0 = Release|Any CPU
		{3EF7C1B5-9F10-487E-B69C-8466CC4EA78E}.Release|x64.Deploy.0 = Release|Any CPU
		{3EF7C1B5-9F10-487E-B69C-8466CC4EA78E}.Release|x86.ActiveCfg = Release|Any CPU
		{3EF7C1B5-9F10-487E-B69C-8466CC4EA78E}.Release|x86.Build.0 = Release|Any CPU
		{3EF7C1B5-9F10-487E-B69C-8466CC4EA78E}.Release|x86.Deploy.0 = Release|Any CPU
	EndGlobalSection
	GlobalSection(SolutionProperties) = preSolution
		HideSolutionNode = FALSE
	EndGlobalSection
	GlobalSection(ExtensibilityGlobals) = postSolution
		SolutionGuid = {BD526EEE-721A-4516-A0B4-961E4C21506C}
	EndGlobalSection
EndGlobal
